// !$*UTF8*$!
{
	archiveVersion = 1;
	classes = {
	};
	objectVersion = 56;
	objects = {

/* Begin PBXBuildFile section */
		F49892612B707FC700AB123D /* AppDelegate.swift in Sources */ = {isa = PBXBuildFile; fileRef = F49892602B707FC700AB123D /* AppDelegate.swift */; };
		F49892632B707FC700AB123D /* SceneDelegate.swift in Sources */ = {isa = PBXBuildFile; fileRef = F49892622B707FC700AB123D /* SceneDelegate.swift */; };
		F49892652B707FC700AB123D /* ViewController.swift in Sources */ = {isa = PBXBuildFile; fileRef = F49892642B707FC700AB123D /* ViewController.swift */; };
		F49892682B707FC700AB123D /* Main.storyboard in Resources */ = {isa = PBXBuildFile; fileRef = F49892662B707FC700AB123D /* Main.storyboard */; };
		F498926A2B707FCA00AB123D /* Assets.xcassets in Resources */ = {isa = PBXBuildFile; fileRef = F49892692B707FCA00AB123D /* Assets.xcassets */; };
		F498926D2B707FCA00AB123D /* LaunchScreen.storyboard in Resources */ = {isa = PBXBuildFile; fileRef = F498926B2B707FCA00AB123D /* LaunchScreen.storyboard */; };
		F49892782B707FCA00AB123D /* SimpleClockTests.swift in Sources */ = {isa = PBXBuildFile; fileRef = F49892772B707FCA00AB123D /* SimpleClockTests.swift */; };
		F49892822B707FCA00AB123D /* SimpleClockUITests.swift in Sources */ = {isa = PBXBuildFile; fileRef = F49892812B707FCA00AB123D /* SimpleClockUITests.swift */; };
		F49892842B707FCA00AB123D /* SimpleClockUITestsLaunchTests.swift in Sources */ = {isa = PBXBuildFile; fileRef = F49892832B707FCA00AB123D /* SimpleClockUITestsLaunchTests.swift */; };
/* End PBXBuildFile section */

/* Begin PBXContainerItemProxy section */
		F49892742B707FCA00AB123D /* PBXContainerItemProxy */ = {
			isa = PBXContainerItemProxy;
			containerPortal = F49892552B707FC700AB123D /* Project object */;
			proxyType = 1;
			remoteGlobalIDString = F498925C2B707FC700AB123D;
			remoteInfo = SimpleClock;
		};
		F498927E2B707FCA00AB123D /* PBXContainerItemProxy */ = {
			isa = PBXContainerItemProxy;
			containerPortal = F49892552B707FC700AB123D /* Project object */;
			proxyType = 1;
			remoteGlobalIDString = F498925C2B707FC700AB123D;
			remoteInfo = SimpleClock;
		};
/* End PBXContainerItemProxy section */

/* Begin PBXFileReference section */
		F498925D2B707FC700AB123D /* SimpleClock.app */ = {isa = PBXFileReference; explicitFileType = wrapper.application; includeInIndex = 0; path = SimpleClock.app; sourceTree = BUILT_PRODUCTS_DIR; };
		F49892602B707FC700AB123D /* AppDelegate.swift */ = {isa = PBXFileReference; lastKnownFileType = sourcecode.swift; path = AppDelegate.swift; sourceTree = "<group>"; };
		F49892622B707FC700AB123D /* SceneDelegate.swift */ = {isa = PBXFileReference; lastKnownFileType = sourcecode.swift; path = SceneDelegate.swift; sourceTree = "<group>"; };
		F49892642B707FC700AB123D /* ViewController.swift */ = {isa = PBXFileReference; lastKnownFileType = sourcecode.swift; path = ViewController.swift; sourceTree = "<group>"; };
		F49892672B707FC700AB123D /* Base */ = {isa = PBXFileReference; lastKnownFileType = file.storyboard; name = Base; path = Base.lproj/Main.storyboard; sourceTree = "<group>"; };
		F49892692B707FCA00AB123D /* Assets.xcassets */ = {isa = PBXFileReference; lastKnownFileType = folder.assetcatalog; path = Assets.xcassets; sourceTree = "<group>"; };
		F498926C2B707FCA00AB123D /* Base */ = {isa = PBXFileReference; lastKnownFileType = file.storyboard; name = Base; path = Base.lproj/LaunchScreen.storyboard; sourceTree = "<group>"; };
		F498926E2B707FCA00AB123D /* Info.plist */ = {isa = PBXFileReference; lastKnownFileType = text.plist.xml; path = Info.plist; sourceTree = "<group>"; };
		F49892732B707FCA00AB123D /* SimpleClockTests.xctest */ = {isa = PBXFileReference; explicitFileType = wrapper.cfbundle; includeInIndex = 0; path = SimpleClockTests.xctest; sourceTree = BUILT_PRODUCTS_DIR; };
		F49892772B707FCA00AB123D /* SimpleClockTests.swift */ = {isa = PBXFileReference; lastKnownFileType = sourcecode.swift; path = SimpleClockTests.swift; sourceTree = "<group>"; };
		F498927D2B707FCA00AB123D /* SimpleClockUITests.xctest */ = {isa = PBXFileReference; explicitFileType = wrapper.cfbundle; includeInIndex = 0; path = SimpleClockUITests.xctest; sourceTree = BUILT_PRODUCTS_DIR; };
		F49892812B707FCA00AB123D /* SimpleClockUITests.swift */ = {isa = PBXFileReference; lastKnownFileType = sourcecode.swift; path = SimpleClockUITests.swift; sourceTree = "<group>"; };
		F49892832B707FCA00AB123D /* SimpleClockUITestsLaunchTests.swift */ = {isa = PBXFileReference; lastKnownFileType = sourcecode.swift; path = SimpleClockUITestsLaunchTests.swift; sourceTree = "<group>"; };
/* End PBXFileReference section */

/* Begin PBXFrameworksBuildPhase section */
		F498925A2B707FC700AB123D /* Frameworks */ = {
			isa = PBXFrameworksBuildPhase;
			buildActionMask = 2147483647;
			files = (
			);
			runOnlyForDeploymentPostprocessing = 0;
		};
		F49892702B707FCA00AB123D /* Frameworks */ = {
			isa = PBXFrameworksBuildPhase;
			buildActionMask = 2147483647;
			files = (
			);
			runOnlyForDeploymentPostprocessing = 0;
		};
		F498927A2B707FCA00AB123D /* Frameworks */ = {
			isa = PBXFrameworksBuildPhase;
			buildActionMask = 2147483647;
			files = (
			);
			runOnlyForDeploymentPostprocessing = 0;
		};
/* End PBXFrameworksBuildPhase section */

/* Begin PBXGroup section */
		F49892542B707FC700AB123D = {
			isa = PBXGroup;
			children = (
				F498925F2B707FC700AB123D /* SimpleClock */,
				F49892762B707FCA00AB123D /* SimpleClockTests */,
				F49892802B707FCA00AB123D /* SimpleClockUITests */,
				F498925E2B707FC700AB123D /* Products */,
			);
			sourceTree = "<group>";
		};
		F498925E2B707FC700AB123D /* Products */ = {
			isa = PBXGroup;
			children = (
				F498925D2B707FC700AB123D /* SimpleClock.app */,
				F49892732B707FCA00AB123D /* SimpleClockTests.xctest */,
				F498927D2B707FCA00AB123D /* SimpleClockUITests.xctest */,
			);
			name = Products;
			sourceTree = "<group>";
		};
		F498925F2B707FC700AB123D /* SimpleClock */ = {
			isa = PBXGroup;
			children = (
				F49892602B707FC700AB123D /* AppDelegate.swift */,
				F49892622B707FC700AB123D /* SceneDelegate.swift */,
				F49892642B707FC700AB123D /* ViewController.swift */,
				F49892662B707FC700AB123D /* Main.storyboard */,
				F49892692B707FCA00AB123D /* Assets.xcassets */,
				F498926B2B707FCA00AB123D /* LaunchScreen.storyboard */,
				F498926E2B707FCA00AB123D /* Info.plist */,
			);
			path = SimpleClock;
			sourceTree = "<group>";
		};
		F49892762B707FCA00AB123D /* SimpleClockTests */ = {
			isa = PBXGroup;
			children = (
				F49892772B707FCA00AB123D /* SimpleClockTests.swift */,
			);
			path = SimpleClockTests;
			sourceTree = "<group>";
		};
		F49892802B707FCA00AB123D /* SimpleClockUITests */ = {
			isa = PBXGroup;
			children = (
				F49892812B707FCA00AB123D /* SimpleClockUITests.swift */,
				F49892832B707FCA00AB123D /* SimpleClockUITestsLaunchTests.swift */,
			);
			path = SimpleClockUITests;
			sourceTree = "<group>";
		};
/* End PBXGroup section */

/* Begin PBXNativeTarget section */
		F498925C2B707FC700AB123D /* SimpleClock */ = {
			isa = PBXNativeTarget;
			buildConfigurationList = F49892872B707FCA00AB123D /* Build configuration list for PBXNativeTarget "SimpleClock" */;
			buildPhases = (
				F49892592B707FC700AB123D /* Sources */,
				F498925A2B707FC700AB123D /* Frameworks */,
				F498925B2B707FC700AB123D /* Resources */,
			);
			buildRules = (
			);
			dependencies = (
			);
			name = SimpleClock;
			productName = SimpleClock;
			productReference = F498925D2B707FC700AB123D /* SimpleClock.app */;
			productType = "com.apple.product-type.application";
		};
		F49892722B707FCA00AB123D /* SimpleClockTests */ = {
			isa = PBXNativeTarget;
			buildConfigurationList = F498928A2B707FCA00AB123D /* Build configuration list for PBXNativeTarget "SimpleClockTests" */;
			buildPhases = (
				F498926F2B707FCA00AB123D /* Sources */,
				F49892702B707FCA00AB123D /* Frameworks */,
				F49892712B707FCA00AB123D /* Resources */,
			);
			buildRules = (
			);
			dependencies = (
				F49892752B707FCA00AB123D /* PBXTargetDependency */,
			);
			name = SimpleClockTests;
			productName = SimpleClockTests;
			productReference = F49892732B707FCA00AB123D /* SimpleClockTests.xctest */;
			productType = "com.apple.product-type.bundle.unit-test";
		};
		F498927C2B707FCA00AB123D /* SimpleClockUITests */ = {
			isa = PBXNativeTarget;
			buildConfigurationList = F498928D2B707FCA00AB123D /* Build configuration list for PBXNativeTarget "SimpleClockUITests" */;
			buildPhases = (
				F49892792B707FCA00AB123D /* Sources */,
				F498927A2B707FCA00AB123D /* Frameworks */,
				F498927B2B707FCA00AB123D /* Resources */,
			);
			buildRules = (
			);
			dependencies = (
				F498927F2B707FCA00AB123D /* PBXTargetDependency */,
			);
			name = SimpleClockUITests;
			productName = SimpleClockUITests;
			productReference = F498927D2B707FCA00AB123D /* SimpleClockUITests.xctest */;
			productType = "com.apple.product-type.bundle.ui-testing";
		};
/* End PBXNativeTarget section */

/* Begin PBXProject section */
		F49892552B707FC700AB123D /* Project object */ = {
			isa = PBXProject;
			attributes = {
				BuildIndependentTargetsInParallel = 1;
				LastSwiftUpdateCheck = 1420;
				LastUpgradeCheck = 1420;
				TargetAttributes = {
					F498925C2B707FC700AB123D = {
						CreatedOnToolsVersion = 14.2;
					};
					F49892722B707FCA00AB123D = {
						CreatedOnToolsVersion = 14.2;
						TestTargetID = F498925C2B707FC700AB123D;
					};
					F498927C2B707FCA00AB123D = {
						CreatedOnToolsVersion = 14.2;
						TestTargetID = F498925C2B707FC700AB123D;
					};
				};
			};
			buildConfigurationList = F49892582B707FC700AB123D /* Build configuration list for PBXProject "SimpleClock" */;
			compatibilityVersion = "Xcode 14.0";
			developmentRegion = en;
			hasScannedForEncodings = 0;
			knownRegions = (
				en,
				Base,
			);
			mainGroup = F49892542B707FC700AB123D;
			productRefGroup = F498925E2B707FC700AB123D /* Products */;
			projectDirPath = "";
			projectRoot = "";
			targets = (
				F498925C2B707FC700AB123D /* SimpleClock */,
				F49892722B707FCA00AB123D /* SimpleClockTests */,
				F498927C2B707FCA00AB123D /* SimpleClockUITests */,
			);
		};
/* End PBXProject section */

/* Begin PBXResourcesBuildPhase section */
		F498925B2B707FC700AB123D /* Resources */ = {
			isa = PBXResourcesBuildPhase;
			buildActionMask = 2147483647;
			files = (
				F498926D2B707FCA00AB123D /* LaunchScreen.storyboard in Resources */,
				F498926A2B707FCA00AB123D /* Assets.xcassets in Resources */,
				F49892682B707FC700AB123D /* Main.storyboard in Resources */,
			);
			runOnlyForDeploymentPostprocessing = 0;
		};
		F49892712B707FCA00AB123D /* Resources */ = {
			isa = PBXResourcesBuildPhase;
			buildActionMask = 2147483647;
			files = (
			);
			runOnlyForDeploymentPostprocessing = 0;
		};
		F498927B2B707FCA00AB123D /* Resources */ = {
			isa = PBXResourcesBuildPhase;
			buildActionMask = 2147483647;
			files = (
			);
			runOnlyForDeploymentPostprocessing = 0;
		};
/* End PBXResourcesBuildPhase section */

/* Begin PBXSourcesBuildPhase section */
		F49892592B707FC700AB123D /* Sources */ = {
			isa = PBXSourcesBuildPhase;
			buildActionMask = 2147483647;
			files = (
				F49892652B707FC700AB123D /* ViewController.swift in Sources */,
				F49892612B707FC700AB123D /* AppDelegate.swift in Sources */,
				F49892632B707FC700AB123D /* SceneDelegate.swift in Sources */,
			);
			runOnlyForDeploymentPostprocessing = 0;
		};
		F498926F2B707FCA00AB123D /* Sources */ = {
			isa = PBXSourcesBuildPhase;
			buildActionMask = 2147483647;
			files = (
				F49892782B707FCA00AB123D /* SimpleClockTests.swift in Sources */,
			);
			runOnlyForDeploymentPostprocessing = 0;
		};
		F49892792B707FCA00AB123D /* Sources */ = {
			isa = PBXSourcesBuildPhase;
			buildActionMask = 2147483647;
			files = (
				F49892822B707FCA00AB123D /* SimpleClockUITests.swift in Sources */,
				F49892842B707FCA00AB123D /* SimpleClockUITestsLaunchTests.swift in Sources */,
			);
			runOnlyForDeploymentPostprocessing = 0;
		};
/* End PBXSourcesBuildPhase section */

/* Begin PBXTargetDependency section */
		F49892752B707FCA00AB123D /* PBXTargetDependency */ = {
			isa = PBXTargetDependency;
			target = F498925C2B707FC700AB123D /* SimpleClock */;
			targetProxy = F49892742B707FCA00AB123D /* PBXContainerItemProxy */;
		};
		F498927F2B707FCA00AB123D /* PBXTargetDependency */ = {
			isa = PBXTargetDependency;
			target = F498925C2B707FC700AB123D /* SimpleClock */;
			targetProxy = F498927E2B707FCA00AB123D /* PBXContainerItemProxy */;
		};
/* End PBXTargetDependency section */

/* Begin PBXVariantGroup section */
		F49892662B707FC700AB123D /* Main.storyboard */ = {
			isa = PBXVariantGroup;
			children = (
				F49892672B707FC700AB123D /* Base */,
			);
			name = Main.storyboard;
			sourceTree = "<group>";
		};
		F498926B2B707FCA00AB123D /* LaunchScreen.storyboard */ = {
			isa = PBXVariantGroup;
			children = (
				F498926C2B707FCA00AB123D /* Base */,
			);
			name = LaunchScreen.storyboard;
			sourceTree = "<group>";
		};
/* End PBXVariantGroup section */

/* Begin XCBuildConfiguration section */
		F49892852B707FCA00AB123D /* Debug */ = {
			isa = XCBuildConfiguration;
			buildSettings = {
				ALWAYS_SEARCH_USER_PATHS = NO;
				CLANG_ANALYZER_NONNULL = YES;
				CLANG_ANALYZER_NUMBER_OBJECT_CONVERSION = YES_AGGRESSIVE;
				CLANG_CXX_LANGUAGE_STANDARD = "gnu++20";
				CLANG_ENABLE_MODULES = YES;
				CLANG_ENABLE_OBJC_ARC = YES;
				CLANG_ENABLE_OBJC_WEAK = YES;
				CLANG_WARN_BLOCK_CAPTURE_AUTORELEASING = YES;
				CLANG_WARN_BOOL_CONVERSION = YES;
				CLANG_WARN_COMMA = YES;
				CLANG_WARN_CONSTANT_CONVERSION = YES;
				CLANG_WARN_DEPRECATED_OBJC_IMPLEMENTATIONS = YES;
				CLANG_WARN_DIRECT_OBJC_ISA_USAGE = YES_ERROR;
				CLANG_WARN_DOCUMENTATION_COMMENTS = YES;
				CLANG_WARN_EMPTY_BODY = YES;
				CLANG_WARN_ENUM_CONVERSION = YES;
				CLANG_WARN_INFINITE_RECURSION = YES;
				CLANG_WARN_INT_CONVERSION = YES;
				CLANG_WARN_NON_LITERAL_NULL_CONVERSION = YES;
				CLANG_WARN_OBJC_IMPLICIT_RETAIN_SELF = YES;
				CLANG_WARN_OBJC_LITERAL_CONVERSION = YES;
				CLANG_WARN_OBJC_ROOT_CLASS = YES_ERROR;
				CLANG_WARN_QUOTED_INCLUDE_IN_FRAMEWORK_HEADER = YES;
				CLANG_WARN_RANGE_LOOP_ANALYSIS = YES;
				CLANG_WARN_STRICT_PROTOTYPES = YES;
				CLANG_WARN_SUSPICIOUS_MOVE = YES;
				CLANG_WARN_UNGUARDED_AVAILABILITY = YES_AGGRESSIVE;
				CLANG_WARN_UNREACHABLE_CODE = YES;
				CLANG_WARN__DUPLICATE_METHOD_MATCH = YES;
				COPY_PHASE_STRIP = NO;
				DEBUG_INFORMATION_FORMAT = dwarf;
				ENABLE_STRICT_OBJC_MSGSEND = YES;
				ENABLE_TESTABILITY = YES;
				GCC_C_LANGUAGE_STANDARD = gnu11;
				GCC_DYNAMIC_NO_PIC = NO;
				GCC_NO_COMMON_BLOCKS = YES;
				GCC_OPTIMIZATION_LEVEL = 0;
				GCC_PREPROCESSOR_DEFINITIONS = (
					"DEBUG=1",
					"$(inherited)",
				);
				GCC_WARN_64_TO_32_BIT_CONVERSION = YES;
				GCC_WARN_ABOUT_RETURN_TYPE = YES_ERROR;
				GCC_WARN_UNDECLARED_SELECTOR = YES;
				GCC_WARN_UNINITIALIZED_AUTOS = YES_AGGRESSIVE;
				GCC_WARN_UNUSED_FUNCTION = YES;
				GCC_WARN_UNUSED_VARIABLE = YES;
				IPHONEOS_DEPLOYMENT_TARGET = 16.2;
				MTL_ENABLE_DEBUG_INFO = INCLUDE_SOURCE;
				MTL_FAST_MATH = YES;
				ONLY_ACTIVE_ARCH = YES;
				SDKROOT = iphoneos;
				SWIFT_ACTIVE_COMPILATION_CONDITIONS = DEBUG;
				SWIFT_OPTIMIZATION_LEVEL = "-Onone";
			};
			name = Debug;
		};
		F49892862B707FCA00AB123D /* Release */ = {
			isa = XCBuildConfiguration;
			buildSettings = {
				ALWAYS_SEARCH_USER_PATHS = NO;
				CLANG_ANALYZER_NONNULL = YES;
				CLANG_ANALYZER_NUMBER_OBJECT_CONVERSION = YES_AGGRESSIVE;
				CLANG_CXX_LANGUAGE_STANDARD = "gnu++20";
				CLANG_ENABLE_MODULES = YES;
				CLANG_ENABLE_OBJC_ARC = YES;
				CLANG_ENABLE_OBJC_WEAK = YES;
				CLANG_WARN_BLOCK_CAPTURE_AUTORELEASING = YES;
				CLANG_WARN_BOOL_CONVERSION = YES;
				CLANG_WARN_COMMA = YES;
				CLANG_WARN_CONSTANT_CONVERSION = YES;
				CLANG_WARN_DEPRECATED_OBJC_IMPLEMENTATIONS = YES;
				CLANG_WARN_DIRECT_OBJC_ISA_USAGE = YES_ERROR;
				CLANG_WARN_DOCUMENTATION_COMMENTS = YES;
				CLANG_WARN_EMPTY_BODY = YES;
				CLANG_WARN_ENUM_CONVERSION = YES;
				CLANG_WARN_INFINITE_RECURSION = YES;
				CLANG_WARN_INT_CONVERSION = YES;
				CLANG_WARN_NON_LITERAL_NULL_CONVERSION = YES;
				CLANG_WARN_OBJC_IMPLICIT_RETAIN_SELF = YES;
				CLANG_WARN_OBJC_LITERAL_CONVERSION = YES;
				CLANG_WARN_OBJC_ROOT_CLASS = YES_ERROR;
				CLANG_WARN_QUOTED_INCLUDE_IN_FRAMEWORK_HEADER = YES;
				CLANG_WARN_RANGE_LOOP_ANALYSIS = YES;
				CLANG_WARN_STRICT_PROTOTYPES = YES;
				CLANG_WARN_SUSPICIOUS_MOVE = YES;
				CLANG_WARN_UNGUARDED_AVAILABILITY = YES_AGGRESSIVE;
				CLANG_WARN_UNREACHABLE_CODE = YES;
				CLANG_WARN__DUPLICATE_METHOD_MATCH = YES;
				COPY_PHASE_STRIP = NO;
				DEBUG_INFORMATION_FORMAT = "dwarf-with-dsym";
				ENABLE_NS_ASSERTIONS = NO;
				ENABLE_STRICT_OBJC_MSGSEND = YES;
				GCC_C_LANGUAGE_STANDARD = gnu11;
				GCC_NO_COMMON_BLOCKS = YES;
				GCC_WARN_64_TO_32_BIT_CONVERSION = YES;
				GCC_WARN_ABOUT_RETURN_TYPE = YES_ERROR;
				GCC_WARN_UNDECLARED_SELECTOR = YES;
				GCC_WARN_UNINITIALIZED_AUTOS = YES_AGGRESSIVE;
				GCC_WARN_UNUSED_FUNCTION = YES;
				GCC_WARN_UNUSED_VARIABLE = YES;
				IPHONEOS_DEPLOYMENT_TARGET = 16.2;
				MTL_ENABLE_DEBUG_INFO = NO;
				MTL_FAST_MATH = YES;
				SDKROOT = iphoneos;
				SWIFT_COMPILATION_MODE = wholemodule;
				SWIFT_OPTIMIZATION_LEVEL = "-O";
				VALIDATE_PRODUCT = YES;
			};
			name = Release;
		};
		F49892882B707FCA00AB123D /* Debug */ = {
			isa = XCBuildConfiguration;
			buildSettings = {
				ASSETCATALOG_COMPILER_APPICON_NAME = AppIcon;
				ASSETCATALOG_COMPILER_GLOBAL_ACCENT_COLOR_NAME = AccentColor;
				CODE_SIGN_STYLE = Automatic;
				CURRENT_PROJECT_VERSION = 1;
				GENERATE_INFOPLIST_FILE = YES;
				INFOPLIST_FILE = SimpleClock/Info.plist;
				INFOPLIST_KEY_UIApplicationSupportsIndirectInputEvents = YES;
				INFOPLIST_KEY_UILaunchStoryboardName = LaunchScreen;
				INFOPLIST_KEY_UIMainStoryboardFile = Main;
				INFOPLIST_KEY_UISupportedInterfaceOrientations_iPad = "UIInterfaceOrientationPortrait UIInterfaceOrientationPortraitUpsideDown UIInterfaceOrientationLandscapeLeft UIInterfaceOrientationLandscapeRight";
				INFOPLIST_KEY_UISupportedInterfaceOrientations_iPhone = "UIInterfaceOrientationPortrait UIInterfaceOrientationLandscapeLeft UIInterfaceOrientationLandscapeRight";
				LD_RUNPATH_SEARCH_PATHS = (
					"$(inherited)",
					"@executable_path/Frameworks",
				);
				MARKETING_VERSION = 1.0;
				PRODUCT_BUNDLE_IDENTIFIER = CPSC.SimpleClock;
				PRODUCT_NAME = "$(TARGET_NAME)";
				SWIFT_EMIT_LOC_STRINGS = YES;
				SWIFT_VERSION = 5.0;
				TARGETED_DEVICE_FAMILY = "1,2";
			};
			name = Debug;
		};
		F49892892B707FCA00AB123D /* Release */ = {
			isa = XCBuildConfiguration;
			buildSettings = {
				ASSETCATALOG_COMPILER_APPICON_NAME = AppIcon;
				ASSETCATALOG_COMPILER_GLOBAL_ACCENT_COLOR_NAME = AccentColor;
				CODE_SIGN_STYLE = Automatic;
				CURRENT_PROJECT_VERSION = 1;
				GENERATE_INFOPLIST_FILE = YES;
				INFOPLIST_FILE = SimpleClock/Info.plist;
				INFOPLIST_KEY_UIApplicationSupportsIndirectInputEvents = YES;
				INFOPLIST_KEY_UILaunchStoryboardName = LaunchScreen;
				INFOPLIST_KEY_UIMainStoryboardFile = Main;
				INFOPLIST_KEY_UISupportedInterfaceOrientations_iPad = "UIInterfaceOrientationPortrait UIInterfaceOrientationPortraitUpsideDown UIInterfaceOrientationLandscapeLeft UIInterfaceOrientationLandscapeRight";
				INFOPLIST_KEY_UISupportedInterfaceOrientations_iPhone = "UIInterfaceOrientationPortrait UIInterfaceOrientationLandscapeLeft UIInterfaceOrientationLandscapeRight";
				LD_RUNPATH_SEARCH_PATHS = (
					"$(inherited)",
					"@executable_path/Frameworks",
				);
				MARKETING_VERSION = 1.0;
				PRODUCT_BUNDLE_IDENTIFIER = CPSC.SimpleClock;
				PRODUCT_NAME = "$(TARGET_NAME)";
				SWIFT_EMIT_LOC_STRINGS = YES;
				SWIFT_VERSION = 5.0;
				TARGETED_DEVICE_FAMILY = "1,2";
			};
			name = Release;
		};
		F498928B2B707FCA00AB123D /* Debug */ = {
			isa = XCBuildConfiguration;
			buildSettings = {
				ALWAYS_EMBED_SWIFT_STANDARD_LIBRARIES = YES;
				BUNDLE_LOADER = "$(TEST_HOST)";
				CODE_SIGN_STYLE = Automatic;
				CURRENT_PROJECT_VERSION = 1;
				GENERATE_INFOPLIST_FILE = YES;
				IPHONEOS_DEPLOYMENT_TARGET = 16.2;
				MARKETING_VERSION = 1.0;
				PRODUCT_BUNDLE_IDENTIFIER = CPSC.SimpleClockTests;
				PRODUCT_NAME = "$(TARGET_NAME)";
				SWIFT_EMIT_LOC_STRINGS = NO;
				SWIFT_VERSION = 5.0;
				TARGETED_DEVICE_FAMILY = "1,2";
				TEST_HOST = "$(BUILT_PRODUCTS_DIR)/SimpleClock.app/$(BUNDLE_EXECUTABLE_FOLDER_PATH)/SimpleClock";
			};
			name = Debug;
		};
		F498928C2B707FCA00AB123D /* Release */ = {
			isa = XCBuildConfiguration;
			buildSettings = {
				ALWAYS_EMBED_SWIFT_STANDARD_LIBRARIES = YES;
				BUNDLE_LOADER = "$(TEST_HOST)";
				CODE_SIGN_STYLE = Automatic;
				CURRENT_PROJECT_VERSION = 1;
				GENERATE_INFOPLIST_FILE = YES;
				IPHONEOS_DEPLOYMENT_TARGET = 16.2;
				MARKETING_VERSION = 1.0;
				PRODUCT_BUNDLE_IDENTIFIER = CPSC.SimpleClockTests;
				PRODUCT_NAME = "$(TARGET_NAME)";
				SWIFT_EMIT_LOC_STRINGS = NO;
				SWIFT_VERSION = 5.0;
				TARGETED_DEVICE_FAMILY = "1,2";
				TEST_HOST = "$(BUILT_PRODUCTS_DIR)/SimpleClock.app/$(BUNDLE_EXECUTABLE_FOLDER_PATH)/SimpleClock";
			};
			name = Release;
		};
		F498928E2B707FCA00AB123D /* Debug */ = {
			isa = XCBuildConfiguration;
			buildSettings = {
				ALWAYS_EMBED_SWIFT_STANDARD_LIBRARIES = YES;
				CODE_SIGN_STYLE = Automatic;
				CURRENT_PROJECT_VERSION = 1;
				GENERATE_INFOPLIST_FILE = YES;
				MARKETING_VERSION = 1.0;
				PRODUCT_BUNDLE_IDENTIFIER = CPSC.SimpleClockUITests;
				PRODUCT_NAME = "$(TARGET_NAME)";
				SWIFT_EMIT_LOC_STRINGS = NO;
				SWIFT_VERSION = 5.0;
				TARGETED_DEVICE_FAMILY = "1,2";
				TEST_TARGET_NAME = SimpleClock;
			};
			name = Debug;
		};
		F498928F2B707FCA00AB123D /* Release */ = {
			isa = XCBuildConfiguration;
			buildSettings = {
				ALWAYS_EMBED_SWIFT_STANDARD_LIBRARIES = YES;
				CODE_SIGN_STYLE = Automatic;
				CURRENT_PROJECT_VERSION = 1;
				GENERATE_INFOPLIST_FILE = YES;
				MARKETING_VERSION = 1.0;
				PRODUCT_BUNDLE_IDENTIFIER = CPSC.SimpleClockUITests;
				PRODUCT_NAME = "$(TARGET_NAME)";
				SWIFT_EMIT_LOC_STRINGS = NO;
				SWIFT_VERSION = 5.0;
				TARGETED_DEVICE_FAMILY = "1,2";
				TEST_TARGET_NAME = SimpleClock;
			};
			name = Release;
		};
/* End XCBuildConfiguration section */

/* Begin XCConfigurationList section */
		F49892582B707FC700AB123D /* Build configuration list for PBXProject "SimpleClock" */ = {
			isa = XCConfigurationList;
			buildConfigurations = (
				F49892852B707FCA00AB123D /* Debug */,
				F49892862B707FCA00AB123D /* Release */,
			);
			defaultConfigurationIsVisible = 0;
			defaultConfigurationName = Release;
		};
		F49892872B707FCA00AB123D /* Build configuration list for PBXNativeTarget "SimpleClock" */ = {
			isa = XCConfigurationList;
			buildConfigurations = (
				F49892882B707FCA00AB123D /* Debug */,
				F49892892B707FCA00AB123D /* Release */,
			);
			defaultConfigurationIsVisible = 0;
			defaultConfigurationName = Release;
		};
		F498928A2B707FCA00AB123D /* Build configuration list for PBXNativeTarget "SimpleClockTests" */ = {
			isa = XCConfigurationList;
			buildConfigurations = (
				F498928B2B707FCA00AB123D /* Debug */,
				F498928C2B707FCA00AB123D /* Release */,
			);
			defaultConfigurationIsVisible = 0;
			defaultConfigurationName = Release;
		};
		F498928D2B707FCA00AB123D /* Build configuration list for PBXNativeTarget "SimpleClockUITests" */ = {
			isa = XCConfigurationList;
			buildConfigurations = (
				F498928E2B707FCA00AB123D /* Debug */,
				F498928F2B707FCA00AB123D /* Release */,
			);
			defaultConfigurationIsVisible = 0;
			defaultConfigurationName = Release;
		};
/* End XCConfigurationList section */
	};
	rootObject = F49892552B707FC700AB123D /* Project object */;
}
